// !$*UTF8*$!
{
	archiveVersion = 1;
	classes = {
	};
	objectVersion = 50;
	objects = {

/* Begin PBXBuildFile section */
		2DA59ABD834241AD6B696065 /* libPods-PublicDemo.a in Frameworks */ = {isa = PBXBuildFile; fileRef = 4B0240730FE0B298EA40EA84 /* libPods-PublicDemo.a */; };
		A9BA214747D9C192F079C778 /* libPods-ServiceExtension.a in Frameworks */ = {isa = PBXBuildFile; fileRef = 0882BB539A8FBB6A631688A6 /* libPods-ServiceExtension.a */; };
		EC848A2F226DD29F004171EF /* libsqlite3.tbd in Frameworks */ = {isa = PBXBuildFile; fileRef = EC848A2E226DD29F004171EF /* libsqlite3.tbd */; };
		EC848A3C226DD864004171EF /* Home.storyboard in Resources */ = {isa = PBXBuildFile; fileRef = EC848A3B226DD864004171EF /* Home.storyboard */; };
		EC848A3E226DD89F004171EF /* HomeViewController.swift in Sources */ = {isa = PBXBuildFile; fileRef = EC848A3D226DD89F004171EF /* HomeViewController.swift */; };
		EC848A40226DD8E6004171EF /* Router.swift in Sources */ = {isa = PBXBuildFile; fileRef = EC848A3F226DD8E6004171EF /* Router.swift */; };
		EC848A42226DDA50004171EF /* Constants.swift in Sources */ = {isa = PBXBuildFile; fileRef = EC848A41226DDA50004171EF /* Constants.swift */; };
		EC848A44226DDCBD004171EF /* AppInfo.storyboard in Resources */ = {isa = PBXBuildFile; fileRef = EC848A43226DDCBD004171EF /* AppInfo.storyboard */; };
		EC848A46226DDCDA004171EF /* AppInfoViewController.swift in Sources */ = {isa = PBXBuildFile; fileRef = EC848A45226DDCDA004171EF /* AppInfoViewController.swift */; };
		EC848A48226DDD05004171EF /* Utils.swift in Sources */ = {isa = PBXBuildFile; fileRef = EC848A47226DDD05004171EF /* Utils.swift */; };
		EC848A4A226DDEAB004171EF /* UserProfileViewController.swift in Sources */ = {isa = PBXBuildFile; fileRef = EC848A49226DDEAB004171EF /* UserProfileViewController.swift */; };
		EC848A4C226DDEB6004171EF /* UserProfile.storyboard in Resources */ = {isa = PBXBuildFile; fileRef = EC848A4B226DDEB5004171EF /* UserProfile.storyboard */; };
		EC848A4E226DDEE8004171EF /* SystemConfiguration.framework in Frameworks */ = {isa = PBXBuildFile; fileRef = EC848A4D226DDEE8004171EF /* SystemConfiguration.framework */; };
		EC848A50226DDEEF004171EF /* CoreLocation.framework in Frameworks */ = {isa = PBXBuildFile; fileRef = EC848A4F226DDEEF004171EF /* CoreLocation.framework */; };
		EC848A54226DE0BE004171EF /* EventsViewController.swift in Sources */ = {isa = PBXBuildFile; fileRef = EC848A53226DE0BE004171EF /* EventsViewController.swift */; };
		EC848A56226DE0E2004171EF /* Events.storyboard in Resources */ = {isa = PBXBuildFile; fileRef = EC848A55226DE0E1004171EF /* Events.storyboard */; };
		EC848A58226DE113004171EF /* Screens.storyboard in Resources */ = {isa = PBXBuildFile; fileRef = EC848A57226DE113004171EF /* Screens.storyboard */; };
		EC848A5A226DE120004171EF /* ScreensViewController.swift in Sources */ = {isa = PBXBuildFile; fileRef = EC848A59226DE120004171EF /* ScreensViewController.swift */; };
		EC848A5C226DE164004171EF /* WebViewBridge.storyboard in Resources */ = {isa = PBXBuildFile; fileRef = EC848A5B226DE164004171EF /* WebViewBridge.storyboard */; };
		EC848A5E226DE16F004171EF /* WebViewBridge.swift in Sources */ = {isa = PBXBuildFile; fileRef = EC848A5D226DE16E004171EF /* WebViewBridge.swift */; };
		EC9D9864226DC61B00A250AD /* NotificationService.swift in Sources */ = {isa = PBXBuildFile; fileRef = EC9D9863226DC61B00A250AD /* NotificationService.swift */; };
		EC9D9868226DC61B00A250AD /* ServiceExtension.appex in Embed App Extensions */ = {isa = PBXBuildFile; fileRef = EC9D9861226DC61B00A250AD /* ServiceExtension.appex */; settings = {ATTRIBUTES = (RemoveHeadersOnCopy, ); }; };
		EC9D9873226DC62A00A250AD /* UserNotifications.framework in Frameworks */ = {isa = PBXBuildFile; fileRef = EC9D9872226DC62A00A250AD /* UserNotifications.framework */; };
		EC9D9875226DC62A00A250AD /* UserNotificationsUI.framework in Frameworks */ = {isa = PBXBuildFile; fileRef = EC9D9874226DC62A00A250AD /* UserNotificationsUI.framework */; };
		EC9D9878226DC62A00A250AD /* NotificationViewController.swift in Sources */ = {isa = PBXBuildFile; fileRef = EC9D9877226DC62A00A250AD /* NotificationViewController.swift */; };
		EC9D987B226DC62A00A250AD /* MainInterface.storyboard in Resources */ = {isa = PBXBuildFile; fileRef = EC9D9879226DC62A00A250AD /* MainInterface.storyboard */; };
		EC9D987F226DC62A00A250AD /* ContentExtension.appex in Embed App Extensions */ = {isa = PBXBuildFile; fileRef = EC9D9871226DC62A00A250AD /* ContentExtension.appex */; settings = {ATTRIBUTES = (RemoveHeadersOnCopy, ); }; };
		ECF51815226DCB5900599495 /* AnalyticsHandler.swift in Sources */ = {isa = PBXBuildFile; fileRef = ECF51814226DCB5900599495 /* AnalyticsHandler.swift */; };
		ECFCD65D226DBEA10015961D /* AppDelegate.swift in Sources */ = {isa = PBXBuildFile; fileRef = ECFCD65C226DBEA10015961D /* AppDelegate.swift */; };
		ECFCD664226DBEA20015961D /* Assets.xcassets in Resources */ = {isa = PBXBuildFile; fileRef = ECFCD663226DBEA20015961D /* Assets.xcassets */; };
		ECFCD667226DBEA20015961D /* LaunchScreen.storyboard in Resources */ = {isa = PBXBuildFile; fileRef = ECFCD665226DBEA20015961D /* LaunchScreen.storyboard */; };
		ECFCD670226DBEC10015961D /* AdSupport.framework in Frameworks */ = {isa = PBXBuildFile; fileRef = ECFCD66F226DBEC10015961D /* AdSupport.framework */; };
		EDFC13D575DE726BAD0AF6E7 /* libPods-ContentExtension.a in Frameworks */ = {isa = PBXBuildFile; fileRef = 5E24C61001A82B2DB297A9BE /* libPods-ContentExtension.a */; };
/* End PBXBuildFile section */

/* Begin PBXContainerItemProxy section */
		EC9D9866226DC61B00A250AD /* PBXContainerItemProxy */ = {
			isa = PBXContainerItemProxy;
			containerPortal = ECFCD651226DBEA10015961D /* Project object */;
			proxyType = 1;
			remoteGlobalIDString = EC9D9860226DC61B00A250AD;
			remoteInfo = ServiceExtension;
		};
		EC9D987D226DC62A00A250AD /* PBXContainerItemProxy */ = {
			isa = PBXContainerItemProxy;
			containerPortal = ECFCD651226DBEA10015961D /* Project object */;
			proxyType = 1;
			remoteGlobalIDString = EC9D9870226DC62A00A250AD;
			remoteInfo = ContentExtension;
		};
/* End PBXContainerItemProxy section */

/* Begin PBXCopyFilesBuildPhase section */
		EC9D986C226DC61B00A250AD /* Embed App Extensions */ = {
			isa = PBXCopyFilesBuildPhase;
			buildActionMask = 2147483647;
			dstPath = "";
			dstSubfolderSpec = 13;
			files = (
				EC9D987F226DC62A00A250AD /* ContentExtension.appex in Embed App Extensions */,
				EC9D9868226DC61B00A250AD /* ServiceExtension.appex in Embed App Extensions */,
			);
			name = "Embed App Extensions";
			runOnlyForDeploymentPostprocessing = 0;
		};
/* End PBXCopyFilesBuildPhase section */

/* Begin PBXFileReference section */
		0882BB539A8FBB6A631688A6 /* libPods-ServiceExtension.a */ = {isa = PBXFileReference; explicitFileType = archive.ar; includeInIndex = 0; path = "libPods-ServiceExtension.a"; sourceTree = BUILT_PRODUCTS_DIR; };
		0F34033126EA40301E9A7DB6 /* Pods-ServiceExtension.release.xcconfig */ = {isa = PBXFileReference; includeInIndex = 1; lastKnownFileType = text.xcconfig; name = "Pods-ServiceExtension.release.xcconfig"; path = "Target Support Files/Pods-ServiceExtension/Pods-ServiceExtension.release.xcconfig"; sourceTree = "<group>"; };
		2133CE9308D57E862D121E30 /* Pods-Public Demo.release.xcconfig */ = {isa = PBXFileReference; includeInIndex = 1; lastKnownFileType = text.xcconfig; name = "Pods-Public Demo.release.xcconfig"; path = "Target Support Files/Pods-Public Demo/Pods-Public Demo.release.xcconfig"; sourceTree = "<group>"; };
		2768C2608BC67802DEFD7731 /* Pods-PublicDemo.release.xcconfig */ = {isa = PBXFileReference; includeInIndex = 1; lastKnownFileType = text.xcconfig; name = "Pods-PublicDemo.release.xcconfig"; path = "Target Support Files/Pods-PublicDemo/Pods-PublicDemo.release.xcconfig"; sourceTree = "<group>"; };
		2783704E812A704958CD4C82 /* Pods-ContentExtension.debug.xcconfig */ = {isa = PBXFileReference; includeInIndex = 1; lastKnownFileType = text.xcconfig; name = "Pods-ContentExtension.debug.xcconfig"; path = "Target Support Files/Pods-ContentExtension/Pods-ContentExtension.debug.xcconfig"; sourceTree = "<group>"; };
		49C8ED7AA05BC0508BD6AF64 /* Pods-ContentExtension.release.xcconfig */ = {isa = PBXFileReference; includeInIndex = 1; lastKnownFileType = text.xcconfig; name = "Pods-ContentExtension.release.xcconfig"; path = "Target Support Files/Pods-ContentExtension/Pods-ContentExtension.release.xcconfig"; sourceTree = "<group>"; };
		4B0240730FE0B298EA40EA84 /* libPods-PublicDemo.a */ = {isa = PBXFileReference; explicitFileType = archive.ar; includeInIndex = 0; path = "libPods-PublicDemo.a"; sourceTree = BUILT_PRODUCTS_DIR; };
		5E24C61001A82B2DB297A9BE /* libPods-ContentExtension.a */ = {isa = PBXFileReference; explicitFileType = archive.ar; includeInIndex = 0; path = "libPods-ContentExtension.a"; sourceTree = BUILT_PRODUCTS_DIR; };
		9EB5CF46BDA2970B21DD0D37 /* Pods-ServiceExtension.debug.xcconfig */ = {isa = PBXFileReference; includeInIndex = 1; lastKnownFileType = text.xcconfig; name = "Pods-ServiceExtension.debug.xcconfig"; path = "Target Support Files/Pods-ServiceExtension/Pods-ServiceExtension.debug.xcconfig"; sourceTree = "<group>"; };
		BA9C5518B49C069F88F11A23 /* Pods-Public Demo.debug.xcconfig */ = {isa = PBXFileReference; includeInIndex = 1; lastKnownFileType = text.xcconfig; name = "Pods-Public Demo.debug.xcconfig"; path = "Target Support Files/Pods-Public Demo/Pods-Public Demo.debug.xcconfig"; sourceTree = "<group>"; };
		D9F8FA242A90831EEAAAD7C8 /* libPods-Public Demo.a */ = {isa = PBXFileReference; explicitFileType = archive.ar; includeInIndex = 0; path = "libPods-Public Demo.a"; sourceTree = BUILT_PRODUCTS_DIR; };
		EC848A2E226DD29F004171EF /* libsqlite3.tbd */ = {isa = PBXFileReference; lastKnownFileType = "sourcecode.text-based-dylib-definition"; name = libsqlite3.tbd; path = usr/lib/libsqlite3.tbd; sourceTree = SDKROOT; };
		EC848A37226DD7A1004171EF /* PublicDemo.entitlements */ = {isa = PBXFileReference; lastKnownFileType = text.plist.entitlements; path = PublicDemo.entitlements; sourceTree = "<group>"; };
		EC848A38226DD7CE004171EF /* ServiceExtension.entitlements */ = {isa = PBXFileReference; lastKnownFileType = text.plist.entitlements; path = ServiceExtension.entitlements; sourceTree = "<group>"; };
		EC848A39226DD7E0004171EF /* ContentExtension.entitlements */ = {isa = PBXFileReference; lastKnownFileType = text.plist.entitlements; path = ContentExtension.entitlements; sourceTree = "<group>"; };
		EC848A3B226DD864004171EF /* Home.storyboard */ = {isa = PBXFileReference; fileEncoding = 4; lastKnownFileType = file.storyboard; path = Home.storyboard; sourceTree = "<group>"; };
		EC848A3D226DD89F004171EF /* HomeViewController.swift */ = {isa = PBXFileReference; fileEncoding = 4; lastKnownFileType = sourcecode.swift; path = HomeViewController.swift; sourceTree = "<group>"; };
		EC848A3F226DD8E6004171EF /* Router.swift */ = {isa = PBXFileReference; lastKnownFileType = sourcecode.swift; path = Router.swift; sourceTree = "<group>"; };
		EC848A41226DDA50004171EF /* Constants.swift */ = {isa = PBXFileReference; lastKnownFileType = sourcecode.swift; path = Constants.swift; sourceTree = "<group>"; };
		EC848A43226DDCBD004171EF /* AppInfo.storyboard */ = {isa = PBXFileReference; fileEncoding = 4; lastKnownFileType = file.storyboard; path = AppInfo.storyboard; sourceTree = "<group>"; };
		EC848A45226DDCDA004171EF /* AppInfoViewController.swift */ = {isa = PBXFileReference; fileEncoding = 4; lastKnownFileType = sourcecode.swift; path = AppInfoViewController.swift; sourceTree = "<group>"; };
		EC848A47226DDD05004171EF /* Utils.swift */ = {isa = PBXFileReference; lastKnownFileType = sourcecode.swift; path = Utils.swift; sourceTree = "<group>"; };
		EC848A49226DDEAB004171EF /* UserProfileViewController.swift */ = {isa = PBXFileReference; fileEncoding = 4; lastKnownFileType = sourcecode.swift; path = UserProfileViewController.swift; sourceTree = "<group>"; };
		EC848A4B226DDEB5004171EF /* UserProfile.storyboard */ = {isa = PBXFileReference; fileEncoding = 4; lastKnownFileType = file.storyboard; path = UserProfile.storyboard; sourceTree = "<group>"; };
		EC848A4D226DDEE8004171EF /* SystemConfiguration.framework */ = {isa = PBXFileReference; lastKnownFileType = wrapper.framework; name = SystemConfiguration.framework; path = System/Library/Frameworks/SystemConfiguration.framework; sourceTree = SDKROOT; };
		EC848A4F226DDEEF004171EF /* CoreLocation.framework */ = {isa = PBXFileReference; lastKnownFileType = wrapper.framework; name = CoreLocation.framework; path = System/Library/Frameworks/CoreLocation.framework; sourceTree = SDKROOT; };
		EC848A53226DE0BE004171EF /* EventsViewController.swift */ = {isa = PBXFileReference; fileEncoding = 4; lastKnownFileType = sourcecode.swift; path = EventsViewController.swift; sourceTree = "<group>"; };
		EC848A55226DE0E1004171EF /* Events.storyboard */ = {isa = PBXFileReference; fileEncoding = 4; lastKnownFileType = file.storyboard; path = Events.storyboard; sourceTree = "<group>"; };
		EC848A57226DE113004171EF /* Screens.storyboard */ = {isa = PBXFileReference; fileEncoding = 4; lastKnownFileType = file.storyboard; path = Screens.storyboard; sourceTree = "<group>"; };
		EC848A59226DE120004171EF /* ScreensViewController.swift */ = {isa = PBXFileReference; fileEncoding = 4; lastKnownFileType = sourcecode.swift; path = ScreensViewController.swift; sourceTree = "<group>"; };
		EC848A5B226DE164004171EF /* WebViewBridge.storyboard */ = {isa = PBXFileReference; fileEncoding = 4; lastKnownFileType = file.storyboard; path = WebViewBridge.storyboard; sourceTree = "<group>"; };
		EC848A5D226DE16E004171EF /* WebViewBridge.swift */ = {isa = PBXFileReference; fileEncoding = 4; lastKnownFileType = sourcecode.swift; path = WebViewBridge.swift; sourceTree = "<group>"; };
		EC9D9861226DC61B00A250AD /* ServiceExtension.appex */ = {isa = PBXFileReference; explicitFileType = "wrapper.app-extension"; includeInIndex = 0; path = ServiceExtension.appex; sourceTree = BUILT_PRODUCTS_DIR; };
		EC9D9863226DC61B00A250AD /* NotificationService.swift */ = {isa = PBXFileReference; lastKnownFileType = sourcecode.swift; path = NotificationService.swift; sourceTree = "<group>"; };
		EC9D9865226DC61B00A250AD /* Info.plist */ = {isa = PBXFileReference; lastKnownFileType = text.plist.xml; path = Info.plist; sourceTree = "<group>"; };
		EC9D9871226DC62A00A250AD /* ContentExtension.appex */ = {isa = PBXFileReference; explicitFileType = "wrapper.app-extension"; includeInIndex = 0; path = ContentExtension.appex; sourceTree = BUILT_PRODUCTS_DIR; };
		EC9D9872226DC62A00A250AD /* UserNotifications.framework */ = {isa = PBXFileReference; lastKnownFileType = wrapper.framework; name = UserNotifications.framework; path = System/Library/Frameworks/UserNotifications.framework; sourceTree = SDKROOT; };
		EC9D9874226DC62A00A250AD /* UserNotificationsUI.framework */ = {isa = PBXFileReference; lastKnownFileType = wrapper.framework; name = UserNotificationsUI.framework; path = System/Library/Frameworks/UserNotificationsUI.framework; sourceTree = SDKROOT; };
		EC9D9877226DC62A00A250AD /* NotificationViewController.swift */ = {isa = PBXFileReference; lastKnownFileType = sourcecode.swift; path = NotificationViewController.swift; sourceTree = "<group>"; };
		EC9D987A226DC62A00A250AD /* Base */ = {isa = PBXFileReference; lastKnownFileType = file.storyboard; name = Base; path = Base.lproj/MainInterface.storyboard; sourceTree = "<group>"; };
		EC9D987C226DC62A00A250AD /* Info.plist */ = {isa = PBXFileReference; lastKnownFileType = text.plist.xml; path = Info.plist; sourceTree = "<group>"; };
		EC9D9883226DC6E800A250AD /* ServiceExtension-Bridging-Header.h */ = {isa = PBXFileReference; lastKnownFileType = sourcecode.c.h; path = "ServiceExtension-Bridging-Header.h"; sourceTree = "<group>"; };
		EC9D9886226DC73200A250AD /* ContentExtension-Bridging-Header.h */ = {isa = PBXFileReference; lastKnownFileType = sourcecode.c.h; path = "ContentExtension-Bridging-Header.h"; sourceTree = "<group>"; };
		ECF51814226DCB5900599495 /* AnalyticsHandler.swift */ = {isa = PBXFileReference; lastKnownFileType = sourcecode.swift; path = AnalyticsHandler.swift; sourceTree = "<group>"; };
		ECFCD659226DBEA10015961D /* PublicDemo.app */ = {isa = PBXFileReference; explicitFileType = wrapper.application; includeInIndex = 0; path = PublicDemo.app; sourceTree = BUILT_PRODUCTS_DIR; };
		ECFCD65C226DBEA10015961D /* AppDelegate.swift */ = {isa = PBXFileReference; lastKnownFileType = sourcecode.swift; path = AppDelegate.swift; sourceTree = "<group>"; };
		ECFCD663226DBEA20015961D /* Assets.xcassets */ = {isa = PBXFileReference; lastKnownFileType = folder.assetcatalog; path = Assets.xcassets; sourceTree = "<group>"; };
		ECFCD666226DBEA20015961D /* Base */ = {isa = PBXFileReference; lastKnownFileType = file.storyboard; name = Base; path = Base.lproj/LaunchScreen.storyboard; sourceTree = "<group>"; };
		ECFCD668226DBEA20015961D /* Info.plist */ = {isa = PBXFileReference; lastKnownFileType = text.plist.xml; path = Info.plist; sourceTree = "<group>"; };
		ECFCD66F226DBEC10015961D /* AdSupport.framework */ = {isa = PBXFileReference; lastKnownFileType = wrapper.framework; name = AdSupport.framework; path = System/Library/Frameworks/AdSupport.framework; sourceTree = SDKROOT; };
		EF20042281C4B4E2588EBE39 /* Pods-PublicDemo.debug.xcconfig */ = {isa = PBXFileReference; includeInIndex = 1; lastKnownFileType = text.xcconfig; name = "Pods-PublicDemo.debug.xcconfig"; path = "Target Support Files/Pods-PublicDemo/Pods-PublicDemo.debug.xcconfig"; sourceTree = "<group>"; };
/* End PBXFileReference section */

/* Begin PBXFrameworksBuildPhase section */
		EC9D985E226DC61B00A250AD /* Frameworks */ = {
			isa = PBXFrameworksBuildPhase;
			buildActionMask = 2147483647;
			files = (
				A9BA214747D9C192F079C778 /* libPods-ServiceExtension.a in Frameworks */,
			);
			runOnlyForDeploymentPostprocessing = 0;
		};
		EC9D986E226DC62A00A250AD /* Frameworks */ = {
			isa = PBXFrameworksBuildPhase;
			buildActionMask = 2147483647;
			files = (
				EC9D9875226DC62A00A250AD /* UserNotificationsUI.framework in Frameworks */,
				EC9D9873226DC62A00A250AD /* UserNotifications.framework in Frameworks */,
				EDFC13D575DE726BAD0AF6E7 /* libPods-ContentExtension.a in Frameworks */,
			);
			runOnlyForDeploymentPostprocessing = 0;
		};
		ECFCD656226DBEA10015961D /* Frameworks */ = {
			isa = PBXFrameworksBuildPhase;
			buildActionMask = 2147483647;
			files = (
				EC848A50226DDEEF004171EF /* CoreLocation.framework in Frameworks */,
				EC848A4E226DDEE8004171EF /* SystemConfiguration.framework in Frameworks */,
				EC848A2F226DD29F004171EF /* libsqlite3.tbd in Frameworks */,
				ECFCD670226DBEC10015961D /* AdSupport.framework in Frameworks */,
				2DA59ABD834241AD6B696065 /* libPods-PublicDemo.a in Frameworks */,
			);
			runOnlyForDeploymentPostprocessing = 0;
		};
/* End PBXFrameworksBuildPhase section */

/* Begin PBXGroup section */
		8362A40E37EC473A97A79CCF /* Pods */ = {
			isa = PBXGroup;
			children = (
				2783704E812A704958CD4C82 /* Pods-ContentExtension.debug.xcconfig */,
				49C8ED7AA05BC0508BD6AF64 /* Pods-ContentExtension.release.xcconfig */,
				BA9C5518B49C069F88F11A23 /* Pods-Public Demo.debug.xcconfig */,
				2133CE9308D57E862D121E30 /* Pods-Public Demo.release.xcconfig */,
				9EB5CF46BDA2970B21DD0D37 /* Pods-ServiceExtension.debug.xcconfig */,
				0F34033126EA40301E9A7DB6 /* Pods-ServiceExtension.release.xcconfig */,
				EF20042281C4B4E2588EBE39 /* Pods-PublicDemo.debug.xcconfig */,
				2768C2608BC67802DEFD7731 /* Pods-PublicDemo.release.xcconfig */,
			);
			path = Pods;
			sourceTree = "<group>";
		};
		EC848A34226DD76F004171EF /* Supporting Files */ = {
			isa = PBXGroup;
			children = (
				ECFCD65C226DBEA10015961D /* AppDelegate.swift */,
				ECFCD663226DBEA20015961D /* Assets.xcassets */,
				ECFCD665226DBEA20015961D /* LaunchScreen.storyboard */,
			);
			path = "Supporting Files";
			sourceTree = "<group>";
		};
		EC848A35226DD785004171EF /* Utils */ = {
			isa = PBXGroup;
			children = (
				ECF51814226DCB5900599495 /* AnalyticsHandler.swift */,
				EC848A3F226DD8E6004171EF /* Router.swift */,
				EC848A41226DDA50004171EF /* Constants.swift */,
				EC848A47226DDD05004171EF /* Utils.swift */,
			);
			path = Utils;
			sourceTree = "<group>";
		};
		EC848A36226DD78E004171EF /* View Controllers */ = {
			isa = PBXGroup;
			children = (
				EC848A45226DDCDA004171EF /* AppInfoViewController.swift */,
				EC848A53226DE0BE004171EF /* EventsViewController.swift */,
				EC848A3D226DD89F004171EF /* HomeViewController.swift */,
				EC848A59226DE120004171EF /* ScreensViewController.swift */,
				EC848A49226DDEAB004171EF /* UserProfileViewController.swift */,
				EC848A5D226DE16E004171EF /* WebViewBridge.swift */,
			);
			path = "View Controllers";
			sourceTree = "<group>";
		};
		EC848A3A226DD83C004171EF /* Storyboards */ = {
			isa = PBXGroup;
			children = (
				EC848A43226DDCBD004171EF /* AppInfo.storyboard */,
				EC848A55226DE0E1004171EF /* Events.storyboard */,
				EC848A3B226DD864004171EF /* Home.storyboard */,
				EC848A57226DE113004171EF /* Screens.storyboard */,
				EC848A4B226DDEB5004171EF /* UserProfile.storyboard */,
				EC848A5B226DE164004171EF /* WebViewBridge.storyboard */,
			);
			path = Storyboards;
			sourceTree = "<group>";
		};
		EC9D9862226DC61B00A250AD /* ServiceExtension */ = {
			isa = PBXGroup;
			children = (
				EC848A38226DD7CE004171EF /* ServiceExtension.entitlements */,
				EC9D9863226DC61B00A250AD /* NotificationService.swift */,
				EC9D9865226DC61B00A250AD /* Info.plist */,
				EC9D9883226DC6E800A250AD /* ServiceExtension-Bridging-Header.h */,
			);
			path = ServiceExtension;
			sourceTree = "<group>";
		};
		EC9D9876226DC62A00A250AD /* ContentExtension */ = {
			isa = PBXGroup;
			children = (
				EC848A39226DD7E0004171EF /* ContentExtension.entitlements */,
				EC9D9877226DC62A00A250AD /* NotificationViewController.swift */,
				EC9D9879226DC62A00A250AD /* MainInterface.storyboard */,
				EC9D987C226DC62A00A250AD /* Info.plist */,
				EC9D9886226DC73200A250AD /* ContentExtension-Bridging-Header.h */,
			);
			path = ContentExtension;
			sourceTree = "<group>";
		};
		ECFCD650226DBEA10015961D = {
			isa = PBXGroup;
			children = (
				ECFCD65B226DBEA10015961D /* PublicDemo */,
				EC9D9862226DC61B00A250AD /* ServiceExtension */,
				EC9D9876226DC62A00A250AD /* ContentExtension */,
				ECFCD65A226DBEA10015961D /* Products */,
				ECFCD66E226DBEC10015961D /* Frameworks */,
				8362A40E37EC473A97A79CCF /* Pods */,
			);
			sourceTree = "<group>";
		};
		ECFCD65A226DBEA10015961D /* Products */ = {
			isa = PBXGroup;
			children = (
				ECFCD659226DBEA10015961D /* PublicDemo.app */,
				EC9D9861226DC61B00A250AD /* ServiceExtension.appex */,
				EC9D9871226DC62A00A250AD /* ContentExtension.appex */,
			);
			name = Products;
			sourceTree = "<group>";
		};
		ECFCD65B226DBEA10015961D /* PublicDemo */ = {
			isa = PBXGroup;
			children = (
				ECFCD668226DBEA20015961D /* Info.plist */,
				EC848A37226DD7A1004171EF /* PublicDemo.entitlements */,
				EC848A3A226DD83C004171EF /* Storyboards */,
				EC848A34226DD76F004171EF /* Supporting Files */,
				EC848A35226DD785004171EF /* Utils */,
				EC848A36226DD78E004171EF /* View Controllers */,
			);
			path = PublicDemo;
			sourceTree = "<group>";
		};
		ECFCD66E226DBEC10015961D /* Frameworks */ = {
			isa = PBXGroup;
			children = (
				EC848A4F226DDEEF004171EF /* CoreLocation.framework */,
				EC848A4D226DDEE8004171EF /* SystemConfiguration.framework */,
				EC848A2E226DD29F004171EF /* libsqlite3.tbd */,
				ECFCD66F226DBEC10015961D /* AdSupport.framework */,
				EC9D9872226DC62A00A250AD /* UserNotifications.framework */,
				EC9D9874226DC62A00A250AD /* UserNotificationsUI.framework */,
				5E24C61001A82B2DB297A9BE /* libPods-ContentExtension.a */,
				D9F8FA242A90831EEAAAD7C8 /* libPods-Public Demo.a */,
				0882BB539A8FBB6A631688A6 /* libPods-ServiceExtension.a */,
				4B0240730FE0B298EA40EA84 /* libPods-PublicDemo.a */,
			);
			name = Frameworks;
			sourceTree = "<group>";
		};
/* End PBXGroup section */

/* Begin PBXNativeTarget section */
		EC9D9860226DC61B00A250AD /* ServiceExtension */ = {
			isa = PBXNativeTarget;
			buildConfigurationList = EC9D986B226DC61B00A250AD /* Build configuration list for PBXNativeTarget "ServiceExtension" */;
			buildPhases = (
				50456A11BA4A30D5AA719465 /* [CP] Check Pods Manifest.lock */,
				EC9D985D226DC61B00A250AD /* Sources */,
				EC9D985E226DC61B00A250AD /* Frameworks */,
				EC9D985F226DC61B00A250AD /* Resources */,
			);
			buildRules = (
			);
			dependencies = (
			);
			name = ServiceExtension;
			productName = ServiceExtension;
			productReference = EC9D9861226DC61B00A250AD /* ServiceExtension.appex */;
			productType = "com.apple.product-type.app-extension";
		};
		EC9D9870226DC62A00A250AD /* ContentExtension */ = {
			isa = PBXNativeTarget;
			buildConfigurationList = EC9D9880226DC62A00A250AD /* Build configuration list for PBXNativeTarget "ContentExtension" */;
			buildPhases = (
				048F4209FCCAE6DDC34271BD /* [CP] Check Pods Manifest.lock */,
				EC9D986D226DC62A00A250AD /* Sources */,
				EC9D986E226DC62A00A250AD /* Frameworks */,
				EC9D986F226DC62A00A250AD /* Resources */,
			);
			buildRules = (
			);
			dependencies = (
			);
			name = ContentExtension;
			productName = ContentExtension;
			productReference = EC9D9871226DC62A00A250AD /* ContentExtension.appex */;
			productType = "com.apple.product-type.app-extension";
		};
		ECFCD658226DBEA10015961D /* PublicDemo */ = {
			isa = PBXNativeTarget;
			buildConfigurationList = ECFCD66B226DBEA20015961D /* Build configuration list for PBXNativeTarget "PublicDemo" */;
			buildPhases = (
				3FE69D451828AEF19A040F60 /* [CP] Check Pods Manifest.lock */,
				ECFCD655226DBEA10015961D /* Sources */,
				ECFCD656226DBEA10015961D /* Frameworks */,
				ECFCD657226DBEA10015961D /* Resources */,
				EC9D986C226DC61B00A250AD /* Embed App Extensions */,
				CAA657B1015C221955C4DB20 /* [CP] Embed Pods Frameworks */,
			);
			buildRules = (
			);
			dependencies = (
				EC9D9867226DC61B00A250AD /* PBXTargetDependency */,
				EC9D987E226DC62A00A250AD /* PBXTargetDependency */,
			);
			name = PublicDemo;
			productName = "Public Demo";
			productReference = ECFCD659226DBEA10015961D /* PublicDemo.app */;
			productType = "com.apple.product-type.application";
		};
/* End PBXNativeTarget section */

/* Begin PBXProject section */
		ECFCD651226DBEA10015961D /* Project object */ = {
			isa = PBXProject;
			attributes = {
				LastSwiftUpdateCheck = 1020;
				LastUpgradeCheck = 1020;
				ORGANIZATIONNAME = "Yogesh Singh";
				TargetAttributes = {
					EC9D9860226DC61B00A250AD = {
						CreatedOnToolsVersion = 10.2.1;
						LastSwiftMigration = 1020;
						SystemCapabilities = {
							com.apple.ApplicationGroups.iOS = {
								enabled = 1;
							};
							com.apple.Push = {
								enabled = 1;
							};
						};
					};
					EC9D9870226DC62A00A250AD = {
						CreatedOnToolsVersion = 10.2.1;
						LastSwiftMigration = 1020;
						SystemCapabilities = {
							com.apple.ApplicationGroups.iOS = {
								enabled = 1;
							};
							com.apple.Push = {
								enabled = 1;
							};
						};
					};
					ECFCD658226DBEA10015961D = {
						CreatedOnToolsVersion = 10.2.1;
						SystemCapabilities = {
							com.apple.ApplicationGroups.iOS = {
								enabled = 1;
							};
							com.apple.Push = {
								enabled = 1;
							};
						};
					};
				};
			};
			buildConfigurationList = ECFCD654226DBEA10015961D /* Build configuration list for PBXProject "Public Demo" */;
			compatibilityVersion = "Xcode 9.3";
			developmentRegion = en;
			hasScannedForEncodings = 0;
			knownRegions = (
				en,
				Base,
			);
			mainGroup = ECFCD650226DBEA10015961D;
			productRefGroup = ECFCD65A226DBEA10015961D /* Products */;
			projectDirPath = "";
			projectRoot = "";
			targets = (
				ECFCD658226DBEA10015961D /* PublicDemo */,
				EC9D9860226DC61B00A250AD /* ServiceExtension */,
				EC9D9870226DC62A00A250AD /* ContentExtension */,
			);
		};
/* End PBXProject section */

/* Begin PBXResourcesBuildPhase section */
		EC9D985F226DC61B00A250AD /* Resources */ = {
			isa = PBXResourcesBuildPhase;
			buildActionMask = 2147483647;
			files = (
			);
			runOnlyForDeploymentPostprocessing = 0;
		};
		EC9D986F226DC62A00A250AD /* Resources */ = {
			isa = PBXResourcesBuildPhase;
			buildActionMask = 2147483647;
			files = (
				EC9D987B226DC62A00A250AD /* MainInterface.storyboard in Resources */,
			);
			runOnlyForDeploymentPostprocessing = 0;
		};
		ECFCD657226DBEA10015961D /* Resources */ = {
			isa = PBXResourcesBuildPhase;
			buildActionMask = 2147483647;
			files = (
				EC848A3C226DD864004171EF /* Home.storyboard in Resources */,
				ECFCD667226DBEA20015961D /* LaunchScreen.storyboard in Resources */,
				EC848A44226DDCBD004171EF /* AppInfo.storyboard in Resources */,
				EC848A58226DE113004171EF /* Screens.storyboard in Resources */,
				ECFCD664226DBEA20015961D /* Assets.xcassets in Resources */,
				EC848A5C226DE164004171EF /* WebViewBridge.storyboard in Resources */,
				EC848A4C226DDEB6004171EF /* UserProfile.storyboard in Resources */,
				EC848A56226DE0E2004171EF /* Events.storyboard in Resources */,
			);
			runOnlyForDeploymentPostprocessing = 0;
		};
/* End PBXResourcesBuildPhase section */

/* Begin PBXShellScriptBuildPhase section */
		048F4209FCCAE6DDC34271BD /* [CP] Check Pods Manifest.lock */ = {
			isa = PBXShellScriptBuildPhase;
			buildActionMask = 2147483647;
			files = (
			);
			inputFileListPaths = (
			);
			inputPaths = (
				"${PODS_PODFILE_DIR_PATH}/Podfile.lock",
				"${PODS_ROOT}/Manifest.lock",
			);
			name = "[CP] Check Pods Manifest.lock";
			outputFileListPaths = (
			);
			outputPaths = (
				"$(DERIVED_FILE_DIR)/Pods-ContentExtension-checkManifestLockResult.txt",
			);
			runOnlyForDeploymentPostprocessing = 0;
			shellPath = /bin/sh;
			shellScript = "diff \"${PODS_PODFILE_DIR_PATH}/Podfile.lock\" \"${PODS_ROOT}/Manifest.lock\" > /dev/null\nif [ $? != 0 ] ; then\n    # print error to STDERR\n    echo \"error: The sandbox is not in sync with the Podfile.lock. Run 'pod install' or update your CocoaPods installation.\" >&2\n    exit 1\nfi\n# This output is used by Xcode 'outputs' to avoid re-running this script phase.\necho \"SUCCESS\" > \"${SCRIPT_OUTPUT_FILE_0}\"\n";
			showEnvVarsInLog = 0;
		};
		3FE69D451828AEF19A040F60 /* [CP] Check Pods Manifest.lock */ = {
			isa = PBXShellScriptBuildPhase;
			buildActionMask = 2147483647;
			files = (
			);
			inputFileListPaths = (
			);
			inputPaths = (
				"${PODS_PODFILE_DIR_PATH}/Podfile.lock",
				"${PODS_ROOT}/Manifest.lock",
			);
			name = "[CP] Check Pods Manifest.lock";
			outputFileListPaths = (
			);
			outputPaths = (
				"$(DERIVED_FILE_DIR)/Pods-PublicDemo-checkManifestLockResult.txt",
			);
			runOnlyForDeploymentPostprocessing = 0;
			shellPath = /bin/sh;
			shellScript = "diff \"${PODS_PODFILE_DIR_PATH}/Podfile.lock\" \"${PODS_ROOT}/Manifest.lock\" > /dev/null\nif [ $? != 0 ] ; then\n    # print error to STDERR\n    echo \"error: The sandbox is not in sync with the Podfile.lock. Run 'pod install' or update your CocoaPods installation.\" >&2\n    exit 1\nfi\n# This output is used by Xcode 'outputs' to avoid re-running this script phase.\necho \"SUCCESS\" > \"${SCRIPT_OUTPUT_FILE_0}\"\n";
			showEnvVarsInLog = 0;
		};
		50456A11BA4A30D5AA719465 /* [CP] Check Pods Manifest.lock */ = {
			isa = PBXShellScriptBuildPhase;
			buildActionMask = 2147483647;
			files = (
			);
			inputFileListPaths = (
			);
			inputPaths = (
				"${PODS_PODFILE_DIR_PATH}/Podfile.lock",
				"${PODS_ROOT}/Manifest.lock",
			);
			name = "[CP] Check Pods Manifest.lock";
			outputFileListPaths = (
			);
			outputPaths = (
				"$(DERIVED_FILE_DIR)/Pods-ServiceExtension-checkManifestLockResult.txt",
			);
			runOnlyForDeploymentPostprocessing = 0;
			shellPath = /bin/sh;
			shellScript = "diff \"${PODS_PODFILE_DIR_PATH}/Podfile.lock\" \"${PODS_ROOT}/Manifest.lock\" > /dev/null\nif [ $? != 0 ] ; then\n    # print error to STDERR\n    echo \"error: The sandbox is not in sync with the Podfile.lock. Run 'pod install' or update your CocoaPods installation.\" >&2\n    exit 1\nfi\n# This output is used by Xcode 'outputs' to avoid re-running this script phase.\necho \"SUCCESS\" > \"${SCRIPT_OUTPUT_FILE_0}\"\n";
			showEnvVarsInLog = 0;
		};
		CAA657B1015C221955C4DB20 /* [CP] Embed Pods Frameworks */ = {
			isa = PBXShellScriptBuildPhase;
			buildActionMask = 2147483647;
			files = (
			);
			inputFileListPaths = (
			);
			inputPaths = (
				"${PODS_ROOT}/Target Support Files/Pods-PublicDemo/Pods-PublicDemo-frameworks.sh",
				"${PODS_ROOT}/WebEngage/xc10/WebEngage.framework",
				"${PODS_ROOT}/WebEngage/xc10/WebEngage.framework.dSYM",
			);
			name = "[CP] Embed Pods Frameworks";
			outputFileListPaths = (
			);
			outputPaths = (
				"${TARGET_BUILD_DIR}/${FRAMEWORKS_FOLDER_PATH}/WebEngage.framework",
				"${DWARF_DSYM_FOLDER_PATH}/WebEngage.framework.dSYM",
			);
			runOnlyForDeploymentPostprocessing = 0;
			shellPath = /bin/sh;
			shellScript = "\"${PODS_ROOT}/Target Support Files/Pods-PublicDemo/Pods-PublicDemo-frameworks.sh\"\n";
			showEnvVarsInLog = 0;
		};
/* End PBXShellScriptBuildPhase section */

/* Begin PBXSourcesBuildPhase section */
		EC9D985D226DC61B00A250AD /* Sources */ = {
			isa = PBXSourcesBuildPhase;
			buildActionMask = 2147483647;
			files = (
				EC9D9864226DC61B00A250AD /* NotificationService.swift in Sources */,
			);
			runOnlyForDeploymentPostprocessing = 0;
		};
		EC9D986D226DC62A00A250AD /* Sources */ = {
			isa = PBXSourcesBuildPhase;
			buildActionMask = 2147483647;
			files = (
				EC9D9878226DC62A00A250AD /* NotificationViewController.swift in Sources */,
			);
			runOnlyForDeploymentPostprocessing = 0;
		};
		ECFCD655226DBEA10015961D /* Sources */ = {
			isa = PBXSourcesBuildPhase;
			buildActionMask = 2147483647;
			files = (
				EC848A42226DDA50004171EF /* Constants.swift in Sources */,
				EC848A4A226DDEAB004171EF /* UserProfileViewController.swift in Sources */,
				EC848A40226DD8E6004171EF /* Router.swift in Sources */,
				ECF51815226DCB5900599495 /* AnalyticsHandler.swift in Sources */,
				EC848A48226DDD05004171EF /* Utils.swift in Sources */,
				ECFCD65D226DBEA10015961D /* AppDelegate.swift in Sources */,
				EC848A5E226DE16F004171EF /* WebViewBridge.swift in Sources */,
				EC848A46226DDCDA004171EF /* AppInfoViewController.swift in Sources */,
				EC848A3E226DD89F004171EF /* HomeViewController.swift in Sources */,
				EC848A5A226DE120004171EF /* ScreensViewController.swift in Sources */,
				EC848A54226DE0BE004171EF /* EventsViewController.swift in Sources */,
			);
			runOnlyForDeploymentPostprocessing = 0;
		};
/* End PBXSourcesBuildPhase section */

/* Begin PBXTargetDependency section */
		EC9D9867226DC61B00A250AD /* PBXTargetDependency */ = {
			isa = PBXTargetDependency;
			target = EC9D9860226DC61B00A250AD /* ServiceExtension */;
			targetProxy = EC9D9866226DC61B00A250AD /* PBXContainerItemProxy */;
		};
		EC9D987E226DC62A00A250AD /* PBXTargetDependency */ = {
			isa = PBXTargetDependency;
			target = EC9D9870226DC62A00A250AD /* ContentExtension */;
			targetProxy = EC9D987D226DC62A00A250AD /* PBXContainerItemProxy */;
		};
/* End PBXTargetDependency section */

/* Begin PBXVariantGroup section */
		EC9D9879226DC62A00A250AD /* MainInterface.storyboard */ = {
			isa = PBXVariantGroup;
			children = (
				EC9D987A226DC62A00A250AD /* Base */,
			);
			name = MainInterface.storyboard;
			sourceTree = "<group>";
		};
		ECFCD665226DBEA20015961D /* LaunchScreen.storyboard */ = {
			isa = PBXVariantGroup;
			children = (
				ECFCD666226DBEA20015961D /* Base */,
			);
			name = LaunchScreen.storyboard;
			sourceTree = "<group>";
		};
/* End PBXVariantGroup section */

/* Begin XCBuildConfiguration section */
		EC9D9869226DC61B00A250AD /* Debug */ = {
			isa = XCBuildConfiguration;
			baseConfigurationReference = 9EB5CF46BDA2970B21DD0D37 /* Pods-ServiceExtension.debug.xcconfig */;
			buildSettings = {
				CLANG_ENABLE_MODULES = YES;
				CODE_SIGN_ENTITLEMENTS = ServiceExtension/ServiceExtension.entitlements;
				CODE_SIGN_STYLE = Automatic;
				DEVELOPMENT_TEAM = E59R2H2BZQ;
				INFOPLIST_FILE = ServiceExtension/Info.plist;
				IPHONEOS_DEPLOYMENT_TARGET = 10.0;
				LD_RUNPATH_SEARCH_PATHS = (
					"$(inherited)",
					"@executable_path/Frameworks",
					"@executable_path/../../Frameworks",
				);
				PRODUCT_BUNDLE_IDENTIFIER = "com.webengage.Public-Demo.ServiceExtension";
				PRODUCT_NAME = "$(TARGET_NAME)";
				SKIP_INSTALL = YES;
				SWIFT_OBJC_BRIDGING_HEADER = "ServiceExtension/ServiceExtension-Bridging-Header.h";
				SWIFT_OPTIMIZATION_LEVEL = "-Onone";
				SWIFT_VERSION = 5.0;
				TARGETED_DEVICE_FAMILY = "1,2";
			};
			name = Debug;
		};
		EC9D986A226DC61B00A250AD /* Release */ = {
			isa = XCBuildConfiguration;
			baseConfigurationReference = 0F34033126EA40301E9A7DB6 /* Pods-ServiceExtension.release.xcconfig */;
			buildSettings = {
				CLANG_ENABLE_MODULES = YES;
				CODE_SIGN_ENTITLEMENTS = ServiceExtension/ServiceExtension.entitlements;
				CODE_SIGN_STYLE = Automatic;
				DEVELOPMENT_TEAM = E59R2H2BZQ;
				INFOPLIST_FILE = ServiceExtension/Info.plist;
				IPHONEOS_DEPLOYMENT_TARGET = 10.0;
				LD_RUNPATH_SEARCH_PATHS = (
					"$(inherited)",
					"@executable_path/Frameworks",
					"@executable_path/../../Frameworks",
				);
				PRODUCT_BUNDLE_IDENTIFIER = "com.webengage.Public-Demo.ServiceExtension";
				PRODUCT_NAME = "$(TARGET_NAME)";
				SKIP_INSTALL = YES;
				SWIFT_OBJC_BRIDGING_HEADER = "ServiceExtension/ServiceExtension-Bridging-Header.h";
				SWIFT_VERSION = 5.0;
				TARGETED_DEVICE_FAMILY = "1,2";
			};
			name = Release;
		};
		EC9D9881226DC62A00A250AD /* Debug */ = {
			isa = XCBuildConfiguration;
			baseConfigurationReference = 2783704E812A704958CD4C82 /* Pods-ContentExtension.debug.xcconfig */;
			buildSettings = {
				CLANG_ENABLE_MODULES = YES;
				CODE_SIGN_ENTITLEMENTS = ContentExtension/ContentExtension.entitlements;
				CODE_SIGN_STYLE = Automatic;
				DEVELOPMENT_TEAM = E59R2H2BZQ;
				INFOPLIST_FILE = ContentExtension/Info.plist;
				IPHONEOS_DEPLOYMENT_TARGET = 10.0;
				LD_RUNPATH_SEARCH_PATHS = (
					"$(inherited)",
					"@executable_path/Frameworks",
					"@executable_path/../../Frameworks",
				);
				PRODUCT_BUNDLE_IDENTIFIER = "com.webengage.Public-Demo.ContentExtension";
				PRODUCT_NAME = "$(TARGET_NAME)";
				SKIP_INSTALL = YES;
				SWIFT_OBJC_BRIDGING_HEADER = "ContentExtension/ContentExtension-Bridging-Header.h";
				SWIFT_OPTIMIZATION_LEVEL = "-Onone";
				SWIFT_VERSION = 5.0;
				TARGETED_DEVICE_FAMILY = "1,2";
			};
			name = Debug;
		};
		EC9D9882226DC62A00A250AD /* Release */ = {
			isa = XCBuildConfiguration;
			baseConfigurationReference = 49C8ED7AA05BC0508BD6AF64 /* Pods-ContentExtension.release.xcconfig */;
			buildSettings = {
				CLANG_ENABLE_MODULES = YES;
				CODE_SIGN_ENTITLEMENTS = ContentExtension/ContentExtension.entitlements;
				CODE_SIGN_STYLE = Automatic;
				DEVELOPMENT_TEAM = E59R2H2BZQ;
				INFOPLIST_FILE = ContentExtension/Info.plist;
				IPHONEOS_DEPLOYMENT_TARGET = 10.0;
				LD_RUNPATH_SEARCH_PATHS = (
					"$(inherited)",
					"@executable_path/Frameworks",
					"@executable_path/../../Frameworks",
				);
				PRODUCT_BUNDLE_IDENTIFIER = "com.webengage.Public-Demo.ContentExtension";
				PRODUCT_NAME = "$(TARGET_NAME)";
				SKIP_INSTALL = YES;
				SWIFT_OBJC_BRIDGING_HEADER = "ContentExtension/ContentExtension-Bridging-Header.h";
				SWIFT_VERSION = 5.0;
				TARGETED_DEVICE_FAMILY = "1,2";
			};
			name = Release;
		};
		ECFCD669226DBEA20015961D /* Debug */ = {
			isa = XCBuildConfiguration;
			buildSettings = {
				ALWAYS_SEARCH_USER_PATHS = NO;
				CLANG_ANALYZER_NONNULL = YES;
				CLANG_ANALYZER_NUMBER_OBJECT_CONVERSION = YES_AGGRESSIVE;
				CLANG_CXX_LANGUAGE_STANDARD = "gnu++14";
				CLANG_CXX_LIBRARY = "libc++";
				CLANG_ENABLE_MODULES = YES;
				CLANG_ENABLE_OBJC_ARC = YES;
				CLANG_ENABLE_OBJC_WEAK = YES;
				CLANG_WARN_BLOCK_CAPTURE_AUTORELEASING = YES;
				CLANG_WARN_BOOL_CONVERSION = YES;
				CLANG_WARN_COMMA = YES;
				CLANG_WARN_CONSTANT_CONVERSION = YES;
				CLANG_WARN_DEPRECATED_OBJC_IMPLEMENTATIONS = YES;
				CLANG_WARN_DIRECT_OBJC_ISA_USAGE = YES_ERROR;
				CLANG_WARN_DOCUMENTATION_COMMENTS = YES;
				CLANG_WARN_EMPTY_BODY = YES;
				CLANG_WARN_ENUM_CONVERSION = YES;
				CLANG_WARN_INFINITE_RECURSION = YES;
				CLANG_WARN_INT_CONVERSION = YES;
				CLANG_WARN_NON_LITERAL_NULL_CONVERSION = YES;
				CLANG_WARN_OBJC_IMPLICIT_RETAIN_SELF = YES;
				CLANG_WARN_OBJC_LITERAL_CONVERSION = YES;
				CLANG_WARN_OBJC_ROOT_CLASS = YES_ERROR;
				CLANG_WARN_RANGE_LOOP_ANALYSIS = YES;
				CLANG_WARN_STRICT_PROTOTYPES = YES;
				CLANG_WARN_SUSPICIOUS_MOVE = YES;
				CLANG_WARN_UNGUARDED_AVAILABILITY = YES_AGGRESSIVE;
				CLANG_WARN_UNREACHABLE_CODE = YES;
				CLANG_WARN__DUPLICATE_METHOD_MATCH = YES;
				CODE_SIGN_IDENTITY = "iPhone Developer";
				COPY_PHASE_STRIP = NO;
				DEBUG_INFORMATION_FORMAT = dwarf;
				ENABLE_STRICT_OBJC_MSGSEND = YES;
				ENABLE_TESTABILITY = YES;
				GCC_C_LANGUAGE_STANDARD = gnu11;
				GCC_DYNAMIC_NO_PIC = NO;
				GCC_NO_COMMON_BLOCKS = YES;
				GCC_OPTIMIZATION_LEVEL = 0;
				GCC_PREPROCESSOR_DEFINITIONS = (
					"DEBUG=1",
					"$(inherited)",
				);
				GCC_WARN_64_TO_32_BIT_CONVERSION = YES;
				GCC_WARN_ABOUT_RETURN_TYPE = YES_ERROR;
				GCC_WARN_UNDECLARED_SELECTOR = YES;
				GCC_WARN_UNINITIALIZED_AUTOS = YES_AGGRESSIVE;
				GCC_WARN_UNUSED_FUNCTION = YES;
				GCC_WARN_UNUSED_VARIABLE = YES;
				IPHONEOS_DEPLOYMENT_TARGET = 12.2;
				MTL_ENABLE_DEBUG_INFO = INCLUDE_SOURCE;
				MTL_FAST_MATH = YES;
				ONLY_ACTIVE_ARCH = YES;
				SDKROOT = iphoneos;
				SWIFT_ACTIVE_COMPILATION_CONDITIONS = DEBUG;
				SWIFT_OPTIMIZATION_LEVEL = "-Onone";
			};
			name = Debug;
		};
		ECFCD66A226DBEA20015961D /* Release */ = {
			isa = XCBuildConfiguration;
			buildSettings = {
				ALWAYS_SEARCH_USER_PATHS = NO;
				CLANG_ANALYZER_NONNULL = YES;
				CLANG_ANALYZER_NUMBER_OBJECT_CONVERSION = YES_AGGRESSIVE;
				CLANG_CXX_LANGUAGE_STANDARD = "gnu++14";
				CLANG_CXX_LIBRARY = "libc++";
				CLANG_ENABLE_MODULES = YES;
				CLANG_ENABLE_OBJC_ARC = YES;
				CLANG_ENABLE_OBJC_WEAK = YES;
				CLANG_WARN_BLOCK_CAPTURE_AUTORELEASING = YES;
				CLANG_WARN_BOOL_CONVERSION = YES;
				CLANG_WARN_COMMA = YES;
				CLANG_WARN_CONSTANT_CONVERSION = YES;
				CLANG_WARN_DEPRECATED_OBJC_IMPLEMENTATIONS = YES;
				CLANG_WARN_DIRECT_OBJC_ISA_USAGE = YES_ERROR;
				CLANG_WARN_DOCUMENTATION_COMMENTS = YES;
				CLANG_WARN_EMPTY_BODY = YES;
				CLANG_WARN_ENUM_CONVERSION = YES;
				CLANG_WARN_INFINITE_RECURSION = YES;
				CLANG_WARN_INT_CONVERSION = YES;
				CLANG_WARN_NON_LITERAL_NULL_CONVERSION = YES;
				CLANG_WARN_OBJC_IMPLICIT_RETAIN_SELF = YES;
				CLANG_WARN_OBJC_LITERAL_CONVERSION = YES;
				CLANG_WARN_OBJC_ROOT_CLASS = YES_ERROR;
				CLANG_WARN_RANGE_LOOP_ANALYSIS = YES;
				CLANG_WARN_STRICT_PROTOTYPES = YES;
				CLANG_WARN_SUSPICIOUS_MOVE = YES;
				CLANG_WARN_UNGUARDED_AVAILABILITY = YES_AGGRESSIVE;
				CLANG_WARN_UNREACHABLE_CODE = YES;
				CLANG_WARN__DUPLICATE_METHOD_MATCH = YES;
				CODE_SIGN_IDENTITY = "iPhone Developer";
				COPY_PHASE_STRIP = NO;
				DEBUG_INFORMATION_FORMAT = "dwarf-with-dsym";
				ENABLE_NS_ASSERTIONS = NO;
				ENABLE_STRICT_OBJC_MSGSEND = YES;
				GCC_C_LANGUAGE_STANDARD = gnu11;
				GCC_NO_COMMON_BLOCKS = YES;
				GCC_WARN_64_TO_32_BIT_CONVERSION = YES;
				GCC_WARN_ABOUT_RETURN_TYPE = YES_ERROR;
				GCC_WARN_UNDECLARED_SELECTOR = YES;
				GCC_WARN_UNINITIALIZED_AUTOS = YES_AGGRESSIVE;
				GCC_WARN_UNUSED_FUNCTION = YES;
				GCC_WARN_UNUSED_VARIABLE = YES;
				IPHONEOS_DEPLOYMENT_TARGET = 12.2;
				MTL_ENABLE_DEBUG_INFO = NO;
				MTL_FAST_MATH = YES;
				SDKROOT = iphoneos;
				SWIFT_COMPILATION_MODE = wholemodule;
				SWIFT_OPTIMIZATION_LEVEL = "-O";
				VALIDATE_PRODUCT = YES;
			};
			name = Release;
		};
		ECFCD66C226DBEA20015961D /* Debug */ = {
			isa = XCBuildConfiguration;
			baseConfigurationReference = EF20042281C4B4E2588EBE39 /* Pods-PublicDemo.debug.xcconfig */;
			buildSettings = {
				ALWAYS_EMBED_SWIFT_STANDARD_LIBRARIES = NO;
				ASSETCATALOG_COMPILER_APPICON_NAME = AppIcon;
				CODE_SIGN_ENTITLEMENTS = PublicDemo/PublicDemo.entitlements;
				CODE_SIGN_STYLE = Automatic;
				DEVELOPMENT_TEAM = E59R2H2BZQ;
				INFOPLIST_FILE = "$(SRCROOT)/PublicDemo/Info.plist";
				IPHONEOS_DEPLOYMENT_TARGET = 10.0;
				LD_RUNPATH_SEARCH_PATHS = (
					"$(inherited)",
					"@executable_path/Frameworks",
				);
				PRODUCT_BUNDLE_IDENTIFIER = "com.webengage.Public-Demo";
				PRODUCT_NAME = "$(TARGET_NAME)";
				SWIFT_VERSION = 5.0;
				TARGETED_DEVICE_FAMILY = "1,2";
			};
			name = Debug;
		};
		ECFCD66D226DBEA20015961D /* Release */ = {
			isa = XCBuildConfiguration;
			baseConfigurationReference = 2768C2608BC67802DEFD7731 /* Pods-PublicDemo.release.xcconfig */;
			buildSettings = {
				ALWAYS_EMBED_SWIFT_STANDARD_LIBRARIES = NO;
				ASSETCATALOG_COMPILER_APPICON_NAME = AppIcon;
				CODE_SIGN_ENTITLEMENTS = PublicDemo/PublicDemo.entitlements;
				CODE_SIGN_STYLE = Automatic;
				DEVELOPMENT_TEAM = E59R2H2BZQ;
				INFOPLIST_FILE = "$(SRCROOT)/PublicDemo/Info.plist";
				IPHONEOS_DEPLOYMENT_TARGET = 10.0;
				LD_RUNPATH_SEARCH_PATHS = (
					"$(inherited)",
					"@executable_path/Frameworks",
				);
				PRODUCT_BUNDLE_IDENTIFIER = "com.webengage.Public-Demo";
				PRODUCT_NAME = "$(TARGET_NAME)";
				SWIFT_VERSION = 5.0;
				TARGETED_DEVICE_FAMILY = "1,2";
			};
			name = Release;
		};
/* End XCBuildConfiguration section */

/* Begin XCConfigurationList section */
		EC9D986B226DC61B00A250AD /* Build configuration list for PBXNativeTarget "ServiceExtension" */ = {
			isa = XCConfigurationList;
			buildConfigurations = (
				EC9D9869226DC61B00A250AD /* Debug */,
				EC9D986A226DC61B00A250AD /* Release */,
			);
			defaultConfigurationIsVisible = 0;
			defaultConfigurationName = Release;
		};
		EC9D9880226DC62A00A250AD /* Build configuration list for PBXNativeTarget "ContentExtension" */ = {
			isa = XCConfigurationList;
			buildConfigurations = (
				EC9D9881226DC62A00A250AD /* Debug */,
				EC9D9882226DC62A00A250AD /* Release */,
			);
			defaultConfigurationIsVisible = 0;
			defaultConfigurationName = Release;
		};
		ECFCD654226DBEA10015961D /* Build configuration list for PBXProject "Public Demo" */ = {
			isa = XCConfigurationList;
			buildConfigurations = (
				ECFCD669226DBEA20015961D /* Debug */,
				ECFCD66A226DBEA20015961D /* Release */,
			);
			defaultConfigurationIsVisible = 0;
			defaultConfigurationName = Release;
		};
		ECFCD66B226DBEA20015961D /* Build configuration list for PBXNativeTarget "PublicDemo" */ = {
			isa = XCConfigurationList;
			buildConfigurations = (
				ECFCD66C226DBEA20015961D /* Debug */,
				ECFCD66D226DBEA20015961D /* Release */,
			);
			defaultConfigurationIsVisible = 0;
			defaultConfigurationName = Release;
		};
/* End XCConfigurationList section */
	};
	rootObject = ECFCD651226DBEA10015961D /* Project object */;
}
