PODS:
  - WebEngage (5.2.0):
    - WebEngage/Xcode11 (= 5.2.0)
  - WebEngage/Xcode11 (5.2.0)
  - WebEngageAppEx/ContentExtension (0.6.0):
    - WebEngageAppEx/CoreApi
  - WebEngageAppEx/CoreApi (0.6.0)
  - WebEngageBannerPush (0.6.0)

DEPENDENCIES:
  - WebEngage
  - WebEngageAppEx/ContentExtension
  - WebEngageBannerPush

SPEC REPOS:
  trunk:
    - WebEngage
    - WebEngageAppEx
    - WebEngageBannerPush

SPEC CHECKSUMS:
  WebEngage: de2dec31cfcfa475ff75a4a229984e0d4f0ba010
  WebEngageAppEx: b0ae5fbfca5f2fa563571424a3b529141bcc0a8b
  WebEngageBannerPush: b6ac08c6fa75ee608f29ebc4da46b9c4853d3f8d

PODFILE CHECKSUM: d82629b08278da4537fb67c4525a07b63bd237e5

COCOAPODS: 1.8.4
