PODS:
  - WebEngage (5.0.0):
    - WebEngage/Xcode11 (= 5.0.0)
  - WebEngage/Xcode11 (5.0.0)
  - WebEngageAppEx/ContentExtension (0.5.0):
    - WebEngageAppEx/CoreApi
  - WebEngageAppEx/CoreApi (0.5.0)
  - WebEngageBannerPush (0.5.0)

DEPENDENCIES:
  - WebEngage
  - WebEngageAppEx/ContentExtension
  - WebEngageBannerPush

SPEC REPOS:
  trunk:
    - WebEngage
    - WebEngageAppEx
    - WebEngageBannerPush

SPEC CHECKSUMS:
  WebEngage: a58c302918d98443329ec3b937a770fa51a21b6a
  WebEngageAppEx: 9ff48d10f34add071dcf06314d37f9d7a8f1c695
  WebEngageBannerPush: f6a58fbeb4d9f04d5ca9cc381e3ee521b70c4205

PODFILE CHECKSUM: 427d0c97c6f42658fd9632c8ae5355a6e772a5b9

COCOAPODS: 1.8.3
